
Microsoft Visual Studio Solution File, Format Version 12.00
# Visual Studio Version 16
VisualStudioVersion = 16.0.31410.357
MinimumVisualStudioVersion = 10.0.40219.1
Project("{FAE04EC0-301F-11D3-BF4B-00C04F79EFBC}") = "MyGame", "MyGame\MyGame.csproj", "{714EB757-A946-4CD0-89C1-15308FDB1236}"
EndProject
Global
	GlobalSection(SolutionConfigurationPlatforms) = preSolution
		Debug|Any CPU = Debug|Any CPU
		Release|Any CPU = Release|Any CPU
	EndGlobalSection
	GlobalSection(ProjectConfigurationPlatforms) = postSolution
		{714EB757-A946-4CD0-89C1-15308FDB1236}.Debug|Any CPU.ActiveCfg = Debug|Any CPU
		{714EB757-A946-4CD0-89C1-15308FDB1236}.Debug|Any CPU.Build.0 = Debug|Any CPU
		{714EB757-A946-4CD0-89C1-15308FDB1236}.Release|Any CPU.ActiveCfg = Release|Any CPU
		{714EB757-A946-4CD0-89C1-15308FDB1236}.Release|Any CPU.Build.0 = Release|Any CPU
	EndGlobalSection
	GlobalSection(SolutionProperties) = preSolution
		HideSolutionNode = FALSE
	EndGlobalSection
	GlobalSection(ExtensibilityGlobals) = postSolution
		SolutionGuid = {637303CA-8117-4FE3-8851-FA247D571AED}
	EndGlobalSection
EndGlobal
